
Microsoft Visual Studio Solution File, Format Version 12.00
# Visual Studio Version 17
VisualStudioVersion = 17.0.31903.59
MinimumVisualStudioVersion = 10.0.40219.1
Project("{2150E333-8FDC-42A3-9474-1A3956D46DE8}") = "src", "src", "{827E0CD3-B72D-47B6-A68D-7590B98EB39B}"
EndProject
Project("{FAE04EC0-301F-11D3-BF4B-00C04F79EFBC}") = "Common.Abstractions", "src\Common.Abstractions\Common.Abstractions.csproj", "{9D698198-A179-4D15-BCAE-3D715A5ADD63}"
EndProject
Project("{FAE04EC0-301F-11D3-BF4B-00C04F79EFBC}") = "Common.Observability", "src\Common.Observability\Common.Observability.csproj", "{DE0FFB7E-6932-4ED0-BAF0-1B36A40CE0D8}"
EndProject
Project("{FAE04EC0-301F-11D3-BF4B-00C04F79EFBC}") = "Common.Persistence", "src\Common.Persistence\Common.Persistence.csproj", "{7147694E-4F38-4F8F-9DB6-BC02621E5A8B}"
EndProject
Project("{FAE04EC0-301F-11D3-BF4B-00C04F79EFBC}") = "Host.Internal", "src\Host.Internal\Host.Internal.csproj", "{45D4D897-6523-435A-8D03-494ECFD81812}"
EndProject
Project("{2150E333-8FDC-42A3-9474-1A3956D46DE8}") = "tests", "tests", "{0AB3BF05-4346-4AA6-1389-037BE0695223}"
EndProject
Project("{FAE04EC0-301F-11D3-BF4B-00C04F79EFBC}") = "Common.Abstractions.Tests", "tests\Common.Abstractions.Tests\Common.Abstractions.Tests.csproj", "{7F0E2FDF-CC25-43B9-8C21-A145A493A5D4}"
EndProject
Project("{FAE04EC0-301F-11D3-BF4B-00C04F79EFBC}") = "Common.Observability.Tests", "tests\Common.Observability.Tests\Common.Observability.Tests.csproj", "{E6600EE0-A0A1-4B72-94EC-82A4C068897A}"
EndProject
Project("{FAE04EC0-301F-11D3-BF4B-00C04F79EFBC}") = "Common.Persistence.Tests", "tests\Common.Persistence.Tests\Common.Persistence.Tests.csproj", "{9C699979-4CBE-4758-B675-A8B465B38A8A}"
EndProject
Project("{FAE04EC0-301F-11D3-BF4B-00C04F79EFBC}") = "Common.Analyzers", "src\Common.Analyzers\Common.Analyzers.csproj", "{C34CE56F-45BB-4214-A63B-969C9EB01577}"
EndProject
Project("{FAE04EC0-301F-11D3-BF4B-00C04F79EFBC}") = "Common.Analyzers.Tests", "tests\Common.Analyzers.Tests\Common.Analyzers.Tests.csproj", "{C2FC863D-5638-49C5-AB27-F569FCC96AEF}"
EndProject
Global
	GlobalSection(SolutionConfigurationPlatforms) = preSolution
		Debug|Any CPU = Debug|Any CPU
		Debug|x64 = Debug|x64
		Debug|x86 = Debug|x86
		Release|Any CPU = Release|Any CPU
		Release|x64 = Release|x64
		Release|x86 = Release|x86
	EndGlobalSection
	GlobalSection(ProjectConfigurationPlatforms) = postSolution
		{9D698198-A179-4D15-BCAE-3D715A5ADD63}.Debug|Any CPU.ActiveCfg = Debug|Any CPU
		{9D698198-A179-4D15-BCAE-3D715A5ADD63}.Debug|Any CPU.Build.0 = Debug|Any CPU
		{9D698198-A179-4D15-BCAE-3D715A5ADD63}.Debug|x64.ActiveCfg = Debug|Any CPU
		{9D698198-A179-4D15-BCAE-3D715A5ADD63}.Debug|x64.Build.0 = Debug|Any CPU
		{9D698198-A179-4D15-BCAE-3D715A5ADD63}.Debug|x86.ActiveCfg = Debug|Any CPU
		{9D698198-A179-4D15-BCAE-3D715A5ADD63}.Debug|x86.Build.0 = Debug|Any CPU
		{9D698198-A179-4D15-BCAE-3D715A5ADD63}.Release|Any CPU.ActiveCfg = Release|Any CPU
		{9D698198-A179-4D15-BCAE-3D715A5ADD63}.Release|Any CPU.Build.0 = Release|Any CPU
		{9D698198-A179-4D15-BCAE-3D715A5ADD63}.Release|x64.ActiveCfg = Release|Any CPU
		{9D698198-A179-4D15-BCAE-3D715A5ADD63}.Release|x64.Build.0 = Release|Any CPU
		{9D698198-A179-4D15-BCAE-3D715A5ADD63}.Release|x86.ActiveCfg = Release|Any CPU
		{9D698198-A179-4D15-BCAE-3D715A5ADD63}.Release|x86.Build.0 = Release|Any CPU
		{DE0FFB7E-6932-4ED0-BAF0-1B36A40CE0D8}.Debug|Any CPU.ActiveCfg = Debug|Any CPU
		{DE0FFB7E-6932-4ED0-BAF0-1B36A40CE0D8}.Debug|Any CPU.Build.0 = Debug|Any CPU
		{DE0FFB7E-6932-4ED0-BAF0-1B36A40CE0D8}.Debug|x64.ActiveCfg = Debug|Any CPU
		{DE0FFB7E-6932-4ED0-BAF0-1B36A40CE0D8}.Debug|x64.Build.0 = Debug|Any CPU
		{DE0FFB7E-6932-4ED0-BAF0-1B36A40CE0D8}.Debug|x86.ActiveCfg = Debug|Any CPU
		{DE0FFB7E-6932-4ED0-BAF0-1B36A40CE0D8}.Debug|x86.Build.0 = Debug|Any CPU
		{DE0FFB7E-6932-4ED0-BAF0-1B36A40CE0D8}.Release|Any CPU.ActiveCfg = Release|Any CPU
		{DE0FFB7E-6932-4ED0-BAF0-1B36A40CE0D8}.Release|Any CPU.Build.0 = Release|Any CPU
		{DE0FFB7E-6932-4ED0-BAF0-1B36A40CE0D8}.Release|x64.ActiveCfg = Release|Any CPU
		{DE0FFB7E-6932-4ED0-BAF0-1B36A40CE0D8}.Release|x64.Build.0 = Release|Any CPU
		{DE0FFB7E-6932-4ED0-BAF0-1B36A40CE0D8}.Release|x86.ActiveCfg = Release|Any CPU
		{DE0FFB7E-6932-4ED0-BAF0-1B36A40CE0D8}.Release|x86.Build.0 = Release|Any CPU
		{7147694E-4F38-4F8F-9DB6-BC02621E5A8B}.Debug|Any CPU.ActiveCfg = Debug|Any CPU
		{7147694E-4F38-4F8F-9DB6-BC02621E5A8B}.Debug|Any CPU.Build.0 = Debug|Any CPU
		{7147694E-4F38-4F8F-9DB6-BC02621E5A8B}.Debug|x64.ActiveCfg = Debug|Any CPU
		{7147694E-4F38-4F8F-9DB6-BC02621E5A8B}.Debug|x64.Build.0 = Debug|Any CPU
		{7147694E-4F38-4F8F-9DB6-BC02621E5A8B}.Debug|x86.ActiveCfg = Debug|Any CPU
		{7147694E-4F38-4F8F-9DB6-BC02621E5A8B}.Debug|x86.Build.0 = Debug|Any CPU
		{7147694E-4F38-4F8F-9DB6-BC02621E5A8B}.Release|Any CPU.ActiveCfg = Release|Any CPU
		{7147694E-4F38-4F8F-9DB6-BC02621E5A8B}.Release|Any CPU.Build.0 = Release|Any CPU
		{7147694E-4F38-4F8F-9DB6-BC02621E5A8B}.Release|x64.ActiveCfg = Release|Any CPU
		{7147694E-4F38-4F8F-9DB6-BC02621E5A8B}.Release|x64.Build.0 = Release|Any CPU
		{7147694E-4F38-4F8F-9DB6-BC02621E5A8B}.Release|x86.ActiveCfg = Release|Any CPU
		{7147694E-4F38-4F8F-9DB6-BC02621E5A8B}.Release|x86.Build.0 = Release|Any CPU
		{45D4D897-6523-435A-8D03-494ECFD81812}.Debug|Any CPU.ActiveCfg = Debug|Any CPU
		{45D4D897-6523-435A-8D03-494ECFD81812}.Debug|Any CPU.Build.0 = Debug|Any CPU
		{45D4D897-6523-435A-8D03-494ECFD81812}.Debug|x64.ActiveCfg = Debug|Any CPU
		{45D4D897-6523-435A-8D03-494ECFD81812}.Debug|x64.Build.0 = Debug|Any CPU
		{45D4D897-6523-435A-8D03-494ECFD81812}.Debug|x86.ActiveCfg = Debug|Any CPU
		{45D4D897-6523-435A-8D03-494ECFD81812}.Debug|x86.Build.0 = Debug|Any CPU
		{45D4D897-6523-435A-8D03-494ECFD81812}.Release|Any CPU.ActiveCfg = Release|Any CPU
		{45D4D897-6523-435A-8D03-494ECFD81812}.Release|Any CPU.Build.0 = Release|Any CPU
		{45D4D897-6523-435A-8D03-494ECFD81812}.Release|x64.ActiveCfg = Release|Any CPU
		{45D4D897-6523-435A-8D03-494ECFD81812}.Release|x64.Build.0 = Release|Any CPU
		{45D4D897-6523-435A-8D03-494ECFD81812}.Release|x86.ActiveCfg = Release|Any CPU
		{45D4D897-6523-435A-8D03-494ECFD81812}.Release|x86.Build.0 = Release|Any CPU
		{7F0E2FDF-CC25-43B9-8C21-A145A493A5D4}.Debug|Any CPU.ActiveCfg = Debug|Any CPU
		{7F0E2FDF-CC25-43B9-8C21-A145A493A5D4}.Debug|Any CPU.Build.0 = Debug|Any CPU
		{7F0E2FDF-CC25-43B9-8C21-A145A493A5D4}.Debug|x64.ActiveCfg = Debug|Any CPU
		{7F0E2FDF-CC25-43B9-8C21-A145A493A5D4}.Debug|x64.Build.0 = Debug|Any CPU
		{7F0E2FDF-CC25-43B9-8C21-A145A493A5D4}.Debug|x86.ActiveCfg = Debug|Any CPU
		{7F0E2FDF-CC25-43B9-8C21-A145A493A5D4}.Debug|x86.Build.0 = Debug|Any CPU
		{7F0E2FDF-CC25-43B9-8C21-A145A493A5D4}.Release|Any CPU.ActiveCfg = Release|Any CPU
		{7F0E2FDF-CC25-43B9-8C21-A145A493A5D4}.Release|Any CPU.Build.0 = Release|Any CPU
		{7F0E2FDF-CC25-43B9-8C21-A145A493A5D4}.Release|x64.ActiveCfg = Release|Any CPU
		{7F0E2FDF-CC25-43B9-8C21-A145A493A5D4}.Release|x64.Build.0 = Release|Any CPU
		{7F0E2FDF-CC25-43B9-8C21-A145A493A5D4}.Release|x86.ActiveCfg = Release|Any CPU
		{7F0E2FDF-CC25-43B9-8C21-A145A493A5D4}.Release|x86.Build.0 = Release|Any CPU
		{E6600EE0-A0A1-4B72-94EC-82A4C068897A}.Debug|Any CPU.ActiveCfg = Debug|Any CPU
		{E6600EE0-A0A1-4B72-94EC-82A4C068897A}.Debug|Any CPU.Build.0 = Debug|Any CPU
		{E6600EE0-A0A1-4B72-94EC-82A4C068897A}.Debug|x64.ActiveCfg = Debug|Any CPU
		{E6600EE0-A0A1-4B72-94EC-82A4C068897A}.Debug|x64.Build.0 = Debug|Any CPU
		{E6600EE0-A0A1-4B72-94EC-82A4C068897A}.Debug|x86.ActiveCfg = Debug|Any CPU
		{E6600EE0-A0A1-4B72-94EC-82A4C068897A}.Debug|x86.Build.0 = Debug|Any CPU
		{E6600EE0-A0A1-4B72-94EC-82A4C068897A}.Release|Any CPU.ActiveCfg = Release|Any CPU
		{E6600EE0-A0A1-4B72-94EC-82A4C068897A}.Release|Any CPU.Build.0 = Release|Any CPU
		{E6600EE0-A0A1-4B72-94EC-82A4C068897A}.Release|x64.ActiveCfg = Release|Any CPU
		{E6600EE0-A0A1-4B72-94EC-82A4C068897A}.Release|x64.Build.0 = Release|Any CPU
		{E6600EE0-A0A1-4B72-94EC-82A4C068897A}.Release|x86.ActiveCfg = Release|Any CPU
		{E6600EE0-A0A1-4B72-94EC-82A4C068897A}.Release|x86.Build.0 = Release|Any CPU
		{9C699979-4CBE-4758-B675-A8B465B38A8A}.Debug|Any CPU.ActiveCfg = Debug|Any CPU
		{9C699979-4CBE-4758-B675-A8B465B38A8A}.Debug|Any CPU.Build.0 = Debug|Any CPU
		{9C699979-4CBE-4758-B675-A8B465B38A8A}.Debug|x64.ActiveCfg = Debug|Any CPU
		{9C699979-4CBE-4758-B675-A8B465B38A8A}.Debug|x64.Build.0 = Debug|Any CPU
		{9C699979-4CBE-4758-B675-A8B465B38A8A}.Debug|x86.ActiveCfg = Debug|Any CPU
		{9C699979-4CBE-4758-B675-A8B465B38A8A}.Debug|x86.Build.0 = Debug|Any CPU
		{9C699979-4CBE-4758-B675-A8B465B38A8A}.Release|Any CPU.ActiveCfg = Release|Any CPU
		{9C699979-4CBE-4758-B675-A8B465B38A8A}.Release|Any CPU.Build.0 = Release|Any CPU
		{9C699979-4CBE-4758-B675-A8B465B38A8A}.Release|x64.ActiveCfg = Release|Any CPU
		{9C699979-4CBE-4758-B675-A8B465B38A8A}.Release|x64.Build.0 = Release|Any CPU
		{9C699979-4CBE-4758-B675-A8B465B38A8A}.Release|x86.ActiveCfg = Release|Any CPU
		{9C699979-4CBE-4758-B675-A8B465B38A8A}.Release|x86.Build.0 = Release|Any CPU
		{C34CE56F-45BB-4214-A63B-969C9EB01577}.Debug|Any CPU.ActiveCfg = Debug|Any CPU
		{C34CE56F-45BB-4214-A63B-969C9EB01577}.Debug|Any CPU.Build.0 = Debug|Any CPU
		{C34CE56F-45BB-4214-A63B-969C9EB01577}.Debug|x64.ActiveCfg = Debug|Any CPU
		{C34CE56F-45BB-4214-A63B-969C9EB01577}.Debug|x64.Build.0 = Debug|Any CPU
		{C34CE56F-45BB-4214-A63B-969C9EB01577}.Debug|x86.ActiveCfg = Debug|Any CPU
		{C34CE56F-45BB-4214-A63B-969C9EB01577}.Debug|x86.Build.0 = Debug|Any CPU
		{C34CE56F-45BB-4214-A63B-969C9EB01577}.Release|Any CPU.ActiveCfg = Release|Any CPU
		{C34CE56F-45BB-4214-A63B-969C9EB01577}.Release|Any CPU.Build.0 = Release|Any CPU
		{C34CE56F-45BB-4214-A63B-969C9EB01577}.Release|x64.ActiveCfg = Release|Any CPU
		{C34CE56F-45BB-4214-A63B-969C9EB01577}.Release|x64.Build.0 = Release|Any CPU
		{C34CE56F-45BB-4214-A63B-969C9EB01577}.Release|x86.ActiveCfg = Release|Any CPU
		{C34CE56F-45BB-4214-A63B-969C9EB01577}.Release|x86.Build.0 = Release|Any CPU
		{C2FC863D-5638-49C5-AB27-F569FCC96AEF}.Debug|Any CPU.ActiveCfg = Debug|Any CPU
		{C2FC863D-5638-49C5-AB27-F569FCC96AEF}.Debug|Any CPU.Build.0 = Debug|Any CPU
		{C2FC863D-5638-49C5-AB27-F569FCC96AEF}.Debug|x64.ActiveCfg = Debug|Any CPU
		{C2FC863D-5638-49C5-AB27-F569FCC96AEF}.Debug|x64.Build.0 = Debug|Any CPU
		{C2FC863D-5638-49C5-AB27-F569FCC96AEF}.Debug|x86.ActiveCfg = Debug|Any CPU
		{C2FC863D-5638-49C5-AB27-F569FCC96AEF}.Debug|x86.Build.0 = Debug|Any CPU
		{C2FC863D-5638-49C5-AB27-F569FCC96AEF}.Release|Any CPU.ActiveCfg = Release|Any CPU
		{C2FC863D-5638-49C5-AB27-F569FCC96AEF}.Release|Any CPU.Build.0 = Release|Any CPU
		{C2FC863D-5638-49C5-AB27-F569FCC96AEF}.Release|x64.ActiveCfg = Release|Any CPU
		{C2FC863D-5638-49C5-AB27-F569FCC96AEF}.Release|x64.Build.0 = Release|Any CPU
		{C2FC863D-5638-49C5-AB27-F569FCC96AEF}.Release|x86.ActiveCfg = Release|Any CPU
		{C2FC863D-5638-49C5-AB27-F569FCC96AEF}.Release|x86.Build.0 = Release|Any CPU
	EndGlobalSection
	GlobalSection(SolutionProperties) = preSolution
		HideSolutionNode = FALSE
	EndGlobalSection
	GlobalSection(NestedProjects) = preSolution
		{9D698198-A179-4D15-BCAE-3D715A5ADD63} = {827E0CD3-B72D-47B6-A68D-7590B98EB39B}
		{DE0FFB7E-6932-4ED0-BAF0-1B36A40CE0D8} = {827E0CD3-B72D-47B6-A68D-7590B98EB39B}
		{7147694E-4F38-4F8F-9DB6-BC02621E5A8B} = {827E0CD3-B72D-47B6-A68D-7590B98EB39B}
		{45D4D897-6523-435A-8D03-494ECFD81812} = {827E0CD3-B72D-47B6-A68D-7590B98EB39B}
		{7F0E2FDF-CC25-43B9-8C21-A145A493A5D4} = {0AB3BF05-4346-4AA6-1389-037BE0695223}
		{E6600EE0-A0A1-4B72-94EC-82A4C068897A} = {0AB3BF05-4346-4AA6-1389-037BE0695223}
		{9C699979-4CBE-4758-B675-A8B465B38A8A} = {0AB3BF05-4346-4AA6-1389-037BE0695223}
		{C34CE56F-45BB-4214-A63B-969C9EB01577} = {827E0CD3-B72D-47B6-A68D-7590B98EB39B}
		{C2FC863D-5638-49C5-AB27-F569FCC96AEF} = {0AB3BF05-4346-4AA6-1389-037BE0695223}
	EndGlobalSection
EndGlobal
